
Microsoft Visual Studio Solution File, Format Version 12.00
# Visual Studio Version 17
VisualStudioVersion = 17.0.31903.59
MinimumVisualStudioVersion = 10.0.40219.1
Project("{FAE04EC0-301F-11D3-BF4B-00C04F79EFBC}") = "Projeto.Api", "Projeto.Api\Projeto.Api.csproj", "{8E678E53-76BB-4D2F-AD09-D6F74A8C203C}"
EndProject
Project("{FAE04EC0-301F-11D3-BF4B-00C04F79EFBC}") = "Projeto.Core", "Projeto.Core\Projeto.Core.csproj", "{7DD765F4-6A46-4E8A-9781-D8DBA1EFA5CF}"
EndProject
Project("{FAE04EC0-301F-11D3-BF4B-00C04F79EFBC}") = "Projeto.Infra", "Projeto.Infra\Projeto.Infra.csproj", "{0361E63A-FBBD-46C2-8091-06922119AF74}"
EndProject
Global
	GlobalSection(SolutionConfigurationPlatforms) = preSolution
		Debug|Any CPU = Debug|Any CPU
		Debug|x64 = Debug|x64
		Debug|x86 = Debug|x86
		Release|Any CPU = Release|Any CPU
		Release|x64 = Release|x64
		Release|x86 = Release|x86
	EndGlobalSection
	GlobalSection(ProjectConfigurationPlatforms) = postSolution
		{8E678E53-76BB-4D2F-AD09-D6F74A8C203C}.Debug|Any CPU.ActiveCfg = Debug|Any CPU
		{8E678E53-76BB-4D2F-AD09-D6F74A8C203C}.Debug|Any CPU.Build.0 = Debug|Any CPU
		{8E678E53-76BB-4D2F-AD09-D6F74A8C203C}.Debug|x64.ActiveCfg = Debug|Any CPU
		{8E678E53-76BB-4D2F-AD09-D6F74A8C203C}.Debug|x64.Build.0 = Debug|Any CPU
		{8E678E53-76BB-4D2F-AD09-D6F74A8C203C}.Debug|x86.ActiveCfg = Debug|Any CPU
		{8E678E53-76BB-4D2F-AD09-D6F74A8C203C}.Debug|x86.Build.0 = Debug|Any CPU
		{8E678E53-76BB-4D2F-AD09-D6F74A8C203C}.Release|Any CPU.ActiveCfg = Release|Any CPU
		{8E678E53-76BB-4D2F-AD09-D6F74A8C203C}.Release|Any CPU.Build.0 = Release|Any CPU
		{8E678E53-76BB-4D2F-AD09-D6F74A8C203C}.Release|x64.ActiveCfg = Release|Any CPU
		{8E678E53-76BB-4D2F-AD09-D6F74A8C203C}.Release|x64.Build.0 = Release|Any CPU
		{8E678E53-76BB-4D2F-AD09-D6F74A8C203C}.Release|x86.ActiveCfg = Release|Any CPU
		{8E678E53-76BB-4D2F-AD09-D6F74A8C203C}.Release|x86.Build.0 = Release|Any CPU
		{7DD765F4-6A46-4E8A-9781-D8DBA1EFA5CF}.Debug|Any CPU.ActiveCfg = Debug|Any CPU
		{7DD765F4-6A46-4E8A-9781-D8DBA1EFA5CF}.Debug|Any CPU.Build.0 = Debug|Any CPU
		{7DD765F4-6A46-4E8A-9781-D8DBA1EFA5CF}.Debug|x64.ActiveCfg = Debug|Any CPU
		{7DD765F4-6A46-4E8A-9781-D8DBA1EFA5CF}.Debug|x64.Build.0 = Debug|Any CPU
		{7DD765F4-6A46-4E8A-9781-D8DBA1EFA5CF}.Debug|x86.ActiveCfg = Debug|Any CPU
		{7DD765F4-6A46-4E8A-9781-D8DBA1EFA5CF}.Debug|x86.Build.0 = Debug|Any CPU
		{7DD765F4-6A46-4E8A-9781-D8DBA1EFA5CF}.Release|Any CPU.ActiveCfg = Release|Any CPU
		{7DD765F4-6A46-4E8A-9781-D8DBA1EFA5CF}.Release|Any CPU.Build.0 = Release|Any CPU
		{7DD765F4-6A46-4E8A-9781-D8DBA1EFA5CF}.Release|x64.ActiveCfg = Release|Any CPU
		{7DD765F4-6A46-4E8A-9781-D8DBA1EFA5CF}.Release|x64.Build.0 = Release|Any CPU
		{7DD765F4-6A46-4E8A-9781-D8DBA1EFA5CF}.Release|x86.ActiveCfg = Release|Any CPU
		{7DD765F4-6A46-4E8A-9781-D8DBA1EFA5CF}.Release|x86.Build.0 = Release|Any CPU
		{0361E63A-FBBD-46C2-8091-06922119AF74}.Debug|Any CPU.ActiveCfg = Debug|Any CPU
		{0361E63A-FBBD-46C2-8091-06922119AF74}.Debug|Any CPU.Build.0 = Debug|Any CPU
		{0361E63A-FBBD-46C2-8091-06922119AF74}.Debug|x64.ActiveCfg = Debug|Any CPU
		{0361E63A-FBBD-46C2-8091-06922119AF74}.Debug|x64.Build.0 = Debug|Any CPU
		{0361E63A-FBBD-46C2-8091-06922119AF74}.Debug|x86.ActiveCfg = Debug|Any CPU
		{0361E63A-FBBD-46C2-8091-06922119AF74}.Debug|x86.Build.0 = Debug|Any CPU
		{0361E63A-FBBD-46C2-8091-06922119AF74}.Release|Any CPU.ActiveCfg = Release|Any CPU
		{0361E63A-FBBD-46C2-8091-06922119AF74}.Release|Any CPU.Build.0 = Release|Any CPU
		{0361E63A-FBBD-46C2-8091-06922119AF74}.Release|x64.ActiveCfg = Release|Any CPU
		{0361E63A-FBBD-46C2-8091-06922119AF74}.Release|x64.Build.0 = Release|Any CPU
		{0361E63A-FBBD-46C2-8091-06922119AF74}.Release|x86.ActiveCfg = Release|Any CPU
		{0361E63A-FBBD-46C2-8091-06922119AF74}.Release|x86.Build.0 = Release|Any CPU
	EndGlobalSection
	GlobalSection(SolutionProperties) = preSolution
		HideSolutionNode = FALSE
	EndGlobalSection
EndGlobal
